{
  "name": "@enterprise/aws-eks-ent-multi-az-cluster",
  "version": "1.0.0",
  "lockfileVersion": 2,
  "requires": true,
  "packages": {
    "": {
      "name": "@enterprise/aws-eks-ent-multi-az-cluster",
      "version": "1.0.0",
      "license": "MIT",
      "dependencies": {},
      "devDependencies": {},
      "engines": {
        "node": ">=16.0.0",
        "npm": ">=8.0.0"
      }
    }
  }
}# Updated Sun Nov  9 12:50:06 CET 2025
# Updated Sun Nov  9 12:52:18 CET 2025
# Updated Sun Nov  9 12:56:40 CET 2025
